
Microsoft Visual Studio Solution File, Format Version 12.00
# Visual Studio Version 17
VisualStudioVersion = 17.0.32126.317
MinimumVisualStudioVersion = 10.0.40219.1
Project("{FAE04EC0-301F-11D3-BF4B-00C04F79EFBC}") = "Examen1_CarlosOlvera", "Examen1_CarlosOlvera\Examen1_CarlosOlvera.csproj", "{0A89AA87-6210-42E7-9343-B204A92928BF}"
EndProject
Global
	GlobalSection(SolutionConfigurationPlatforms) = preSolution
		Debug|Any CPU = Debug|Any CPU
		Release|Any CPU = Release|Any CPU
	EndGlobalSection
	GlobalSection(ProjectConfigurationPlatforms) = postSolution
		{0A89AA87-6210-42E7-9343-B204A92928BF}.Debug|Any CPU.ActiveCfg = Debug|Any CPU
		{0A89AA87-6210-42E7-9343-B204A92928BF}.Debug|Any CPU.Build.0 = Debug|Any CPU
		{0A89AA87-6210-42E7-9343-B204A92928BF}.Release|Any CPU.ActiveCfg = Release|Any CPU
		{0A89AA87-6210-42E7-9343-B204A92928BF}.Release|Any CPU.Build.0 = Release|Any CPU
	EndGlobalSection
	GlobalSection(SolutionProperties) = preSolution
		HideSolutionNode = FALSE
	EndGlobalSection
	GlobalSection(ExtensibilityGlobals) = postSolution
		SolutionGuid = {F1ED02D8-4457-48FD-AEA0-BCCAF5A02FDC}
	EndGlobalSection
EndGlobal
